
Microsoft Visual Studio Solution File, Format Version 12.00
# Visual Studio Version 17
VisualStudioVersion = 17.0.32014.148
MinimumVisualStudioVersion = 10.0.40219.1
Project("{FAE04EC0-301F-11D3-BF4B-00C04F79EFBC}") = "MagicMirror", "MagicMirror\MagicMirror.csproj", "{BC817F75-D237-4B9A-B7EF-E32DC3ED7CD7}"
EndProject
Global
	GlobalSection(SolutionConfigurationPlatforms) = preSolution
		Debug|Any CPU = Debug|Any CPU
		Release|Any CPU = Release|Any CPU
	EndGlobalSection
	GlobalSection(ProjectConfigurationPlatforms) = postSolution
		{BC817F75-D237-4B9A-B7EF-E32DC3ED7CD7}.Debug|Any CPU.ActiveCfg = Debug|Any CPU
		{BC817F75-D237-4B9A-B7EF-E32DC3ED7CD7}.Debug|Any CPU.Build.0 = Debug|Any CPU
		{BC817F75-D237-4B9A-B7EF-E32DC3ED7CD7}.Release|Any CPU.ActiveCfg = Release|Any CPU
		{BC817F75-D237-4B9A-B7EF-E32DC3ED7CD7}.Release|Any CPU.Build.0 = Release|Any CPU
	EndGlobalSection
	GlobalSection(SolutionProperties) = preSolution
		HideSolutionNode = FALSE
	EndGlobalSection
	GlobalSection(ExtensibilityGlobals) = postSolution
		SolutionGuid = {D2778EA9-88E3-4E6B-BBEC-481DB66E6646}
	EndGlobalSection
EndGlobal
